packages:
  - name: dbt_snowflake_monitoring
    package: get-select/dbt_snowflake_monitoring
    version: 5.6.1
  - name: dbt_utils
    package: dbt-labs/dbt_utils
    version: 1.3.3
  - name: dbt_query_tags
    package: get-select/dbt_query_tags
    version: 3.1.0
sha1_hash: 5b6ea54d7d0b05eb760a6bd751b37b7959230c1d
